
Microsoft Visual Studio Solution File, Format Version 12.00
# Visual Studio Version 16
VisualStudioVersion = 16.0.29905.134
MinimumVisualStudioVersion = 10.0.40219.1
Project("{FAE04EC0-301F-11D3-BF4B-00C04F79EFBC}") = "Beian", "Beian\Beian.csproj", "{CA82CD4E-5D0F-4B20-844A-A980354E5F62}"
EndProject
Global
	GlobalSection(SolutionConfigurationPlatforms) = preSolution
		Debug|Any CPU = Debug|Any CPU
		Release|Any CPU = Release|Any CPU
	EndGlobalSection
	GlobalSection(ProjectConfigurationPlatforms) = postSolution
		{CA82CD4E-5D0F-4B20-844A-A980354E5F62}.Debug|Any CPU.ActiveCfg = Debug|Any CPU
		{CA82CD4E-5D0F-4B20-844A-A980354E5F62}.Debug|Any CPU.Build.0 = Debug|Any CPU
		{CA82CD4E-5D0F-4B20-844A-A980354E5F62}.Release|Any CPU.ActiveCfg = Release|Any CPU
		{CA82CD4E-5D0F-4B20-844A-A980354E5F62}.Release|Any CPU.Build.0 = Release|Any CPU
	EndGlobalSection
	GlobalSection(SolutionProperties) = preSolution
		HideSolutionNode = FALSE
	EndGlobalSection
	GlobalSection(ExtensibilityGlobals) = postSolution
		SolutionGuid = {A11D3130-AC46-43EE-91D1-15CBA886AAC2}
	EndGlobalSection
EndGlobal
